
Microsoft Visual Studio Solution File, Format Version 12.00
# Visual Studio Version 17
VisualStudioVersion = 17.3.32804.467
MinimumVisualStudioVersion = 10.0.40219.1
Project("{FAE04EC0-301F-11D3-BF4B-00C04F79EFBC}") = "BeerApi", "BeerApi\BeerApi.csproj", "{DEEFBE0D-438E-4020-8E42-DCADF311733D}"
EndProject
Project("{FAE04EC0-301F-11D3-BF4B-00C04F79EFBC}") = "Controllers", "Controllers\Controllers.csproj", "{2E3D6168-B059-45CD-A241-31FE7F2DC676}"
EndProject
Project("{FAE04EC0-301F-11D3-BF4B-00C04F79EFBC}") = "Services", "Services\Services.csproj", "{5EA960A1-B7D5-4E27-9364-5F5EEF145A4F}"
EndProject
Project("{FAE04EC0-301F-11D3-BF4B-00C04F79EFBC}") = "Services.Abstract", "Services.Abstract\Services.Abstract.csproj", "{BF132B2C-1A6B-42EA-B025-12553EFE9EC3}"
EndProject
Project("{FAE04EC0-301F-11D3-BF4B-00C04F79EFBC}") = "Contracts", "Contracts\Contracts.csproj", "{1C63B3CE-30A1-4AD6-A94C-811519CBC5C8}"
EndProject
Project("{FAE04EC0-301F-11D3-BF4B-00C04F79EFBC}") = "Repositories", "Repositories\Repositories.csproj", "{2D5656C9-D947-4970-BE6E-C03E856E2DB1}"
EndProject
Project("{FAE04EC0-301F-11D3-BF4B-00C04F79EFBC}") = "Domain", "Domain\Domain.csproj", "{8AD7C002-B307-41A4-94FB-052AFB69F059}"
EndProject
Global
	GlobalSection(SolutionConfigurationPlatforms) = preSolution
		Debug|Any CPU = Debug|Any CPU
		Release|Any CPU = Release|Any CPU
	EndGlobalSection
	GlobalSection(ProjectConfigurationPlatforms) = postSolution
		{DEEFBE0D-438E-4020-8E42-DCADF311733D}.Debug|Any CPU.ActiveCfg = Debug|Any CPU
		{DEEFBE0D-438E-4020-8E42-DCADF311733D}.Debug|Any CPU.Build.0 = Debug|Any CPU
		{DEEFBE0D-438E-4020-8E42-DCADF311733D}.Release|Any CPU.ActiveCfg = Release|Any CPU
		{DEEFBE0D-438E-4020-8E42-DCADF311733D}.Release|Any CPU.Build.0 = Release|Any CPU
		{2E3D6168-B059-45CD-A241-31FE7F2DC676}.Debug|Any CPU.ActiveCfg = Debug|Any CPU
		{2E3D6168-B059-45CD-A241-31FE7F2DC676}.Debug|Any CPU.Build.0 = Debug|Any CPU
		{2E3D6168-B059-45CD-A241-31FE7F2DC676}.Release|Any CPU.ActiveCfg = Release|Any CPU
		{2E3D6168-B059-45CD-A241-31FE7F2DC676}.Release|Any CPU.Build.0 = Release|Any CPU
		{5EA960A1-B7D5-4E27-9364-5F5EEF145A4F}.Debug|Any CPU.ActiveCfg = Debug|Any CPU
		{5EA960A1-B7D5-4E27-9364-5F5EEF145A4F}.Debug|Any CPU.Build.0 = Debug|Any CPU
		{5EA960A1-B7D5-4E27-9364-5F5EEF145A4F}.Release|Any CPU.ActiveCfg = Release|Any CPU
		{5EA960A1-B7D5-4E27-9364-5F5EEF145A4F}.Release|Any CPU.Build.0 = Release|Any CPU
		{BF132B2C-1A6B-42EA-B025-12553EFE9EC3}.Debug|Any CPU.ActiveCfg = Debug|Any CPU
		{BF132B2C-1A6B-42EA-B025-12553EFE9EC3}.Debug|Any CPU.Build.0 = Debug|Any CPU
		{BF132B2C-1A6B-42EA-B025-12553EFE9EC3}.Release|Any CPU.ActiveCfg = Release|Any CPU
		{BF132B2C-1A6B-42EA-B025-12553EFE9EC3}.Release|Any CPU.Build.0 = Release|Any CPU
		{1C63B3CE-30A1-4AD6-A94C-811519CBC5C8}.Debug|Any CPU.ActiveCfg = Debug|Any CPU
		{1C63B3CE-30A1-4AD6-A94C-811519CBC5C8}.Debug|Any CPU.Build.0 = Debug|Any CPU
		{1C63B3CE-30A1-4AD6-A94C-811519CBC5C8}.Release|Any CPU.ActiveCfg = Release|Any CPU
		{1C63B3CE-30A1-4AD6-A94C-811519CBC5C8}.Release|Any CPU.Build.0 = Release|Any CPU
		{2D5656C9-D947-4970-BE6E-C03E856E2DB1}.Debug|Any CPU.ActiveCfg = Debug|Any CPU
		{2D5656C9-D947-4970-BE6E-C03E856E2DB1}.Debug|Any CPU.Build.0 = Debug|Any CPU
		{2D5656C9-D947-4970-BE6E-C03E856E2DB1}.Release|Any CPU.ActiveCfg = Release|Any CPU
		{2D5656C9-D947-4970-BE6E-C03E856E2DB1}.Release|Any CPU.Build.0 = Release|Any CPU
		{8AD7C002-B307-41A4-94FB-052AFB69F059}.Debug|Any CPU.ActiveCfg = Debug|Any CPU
		{8AD7C002-B307-41A4-94FB-052AFB69F059}.Debug|Any CPU.Build.0 = Debug|Any CPU
		{8AD7C002-B307-41A4-94FB-052AFB69F059}.Release|Any CPU.ActiveCfg = Release|Any CPU
		{8AD7C002-B307-41A4-94FB-052AFB69F059}.Release|Any CPU.Build.0 = Release|Any CPU
	EndGlobalSection
	GlobalSection(SolutionProperties) = preSolution
		HideSolutionNode = FALSE
	EndGlobalSection
	GlobalSection(ExtensibilityGlobals) = postSolution
		SolutionGuid = {B630F562-13E5-412E-9714-EC497CEE9998}
	EndGlobalSection
EndGlobal
